Microsoft Visual Studio Solution File, Format Version 12.00
# Visual Studio 14
Project("{8BC9CEB8-8B4A-11D0-8D11-00A0C91BC942}") = "ALL_BUILD", "ALL_BUILD.vcxproj", "{69238490-08E3-3688-882F-A1E7875EF3E3}"
	ProjectSection(ProjectDependencies) = postProject
		{258DE723-440C-3805-B9FA-9D957DAF8C5E} = {258DE723-440C-3805-B9FA-9D957DAF8C5E}
		{6ED4E2F9-3A3F-302D-9D3A-80E15F91750A} = {6ED4E2F9-3A3F-302D-9D3A-80E15F91750A}
	EndProjectSection
EndProject
Project("{8BC9CEB8-8B4A-11D0-8D11-00A0C91BC942}") = "ZERO_CHECK", "ZERO_CHECK.vcxproj", "{258DE723-440C-3805-B9FA-9D957DAF8C5E}"
	ProjectSection(ProjectDependencies) = postProject
	EndProjectSection
EndProject
Project("{8BC9CEB8-8B4A-11D0-8D11-00A0C91BC942}") = "battlesnake_c", "battlesnake_c.vcxproj", "{6ED4E2F9-3A3F-302D-9D3A-80E15F91750A}"
	ProjectSection(ProjectDependencies) = postProject
		{258DE723-440C-3805-B9FA-9D957DAF8C5E} = {258DE723-440C-3805-B9FA-9D957DAF8C5E}
	EndProjectSection
EndProject
Global
	GlobalSection(SolutionConfigurationPlatforms) = preSolution
		Debug|Win32 = Debug|Win32
		Release|Win32 = Release|Win32
		MinSizeRel|Win32 = MinSizeRel|Win32
		RelWithDebInfo|Win32 = RelWithDebInfo|Win32
	EndGlobalSection
	GlobalSection(ProjectConfigurationPlatforms) = postSolution
		{69238490-08E3-3688-882F-A1E7875EF3E3}.Debug|Win32.ActiveCfg = Debug|Win32
		{69238490-08E3-3688-882F-A1E7875EF3E3}.Release|Win32.ActiveCfg = Release|Win32
		{69238490-08E3-3688-882F-A1E7875EF3E3}.MinSizeRel|Win32.ActiveCfg = MinSizeRel|Win32
		{69238490-08E3-3688-882F-A1E7875EF3E3}.RelWithDebInfo|Win32.ActiveCfg = RelWithDebInfo|Win32
		{258DE723-440C-3805-B9FA-9D957DAF8C5E}.Debug|Win32.ActiveCfg = Debug|Win32
		{258DE723-440C-3805-B9FA-9D957DAF8C5E}.Debug|Win32.Build.0 = Debug|Win32
		{258DE723-440C-3805-B9FA-9D957DAF8C5E}.Release|Win32.ActiveCfg = Release|Win32
		{258DE723-440C-3805-B9FA-9D957DAF8C5E}.Release|Win32.Build.0 = Release|Win32
		{258DE723-440C-3805-B9FA-9D957DAF8C5E}.MinSizeRel|Win32.ActiveCfg = MinSizeRel|Win32
		{258DE723-440C-3805-B9FA-9D957DAF8C5E}.MinSizeRel|Win32.Build.0 = MinSizeRel|Win32
		{258DE723-440C-3805-B9FA-9D957DAF8C5E}.RelWithDebInfo|Win32.ActiveCfg = RelWithDebInfo|Win32
		{258DE723-440C-3805-B9FA-9D957DAF8C5E}.RelWithDebInfo|Win32.Build.0 = RelWithDebInfo|Win32
		{6ED4E2F9-3A3F-302D-9D3A-80E15F91750A}.Debug|Win32.ActiveCfg = Debug|Win32
		{6ED4E2F9-3A3F-302D-9D3A-80E15F91750A}.Debug|Win32.Build.0 = Debug|Win32
		{6ED4E2F9-3A3F-302D-9D3A-80E15F91750A}.Release|Win32.ActiveCfg = Release|Win32
		{6ED4E2F9-3A3F-302D-9D3A-80E15F91750A}.Release|Win32.Build.0 = Release|Win32
		{6ED4E2F9-3A3F-302D-9D3A-80E15F91750A}.MinSizeRel|Win32.ActiveCfg = MinSizeRel|Win32
		{6ED4E2F9-3A3F-302D-9D3A-80E15F91750A}.MinSizeRel|Win32.Build.0 = MinSizeRel|Win32
		{6ED4E2F9-3A3F-302D-9D3A-80E15F91750A}.RelWithDebInfo|Win32.ActiveCfg = RelWithDebInfo|Win32
		{6ED4E2F9-3A3F-302D-9D3A-80E15F91750A}.RelWithDebInfo|Win32.Build.0 = RelWithDebInfo|Win32
	EndGlobalSection
	GlobalSection(ExtensibilityGlobals) = postSolution
	EndGlobalSection
	GlobalSection(ExtensibilityAddIns) = postSolution
	EndGlobalSection
EndGlobal
